<?xml version="1.0" encoding="utf-8"?>
<Project ToolsVersion="4.0" xmlns="http://schemas.microsoft.com/developer/msbuild/2003">
  <ItemGroup>
    <ClCompile Include="src\Engine.cpp" />
    <ClCompile Include="src\main.cpp" />
    <ClCompile Include="src\Time.cpp" />
    <ClCompile Include="src\Window.cpp" />
    <ClCompile Include="src\Input.cpp" />
    <ClCompile Include="src\SystemTypes\String.cpp">
      <Filter>SystemTypes</Filter>
    </ClCompile>
  </ItemGroup>
  <ItemGroup>
    <ClInclude Include="src\Engine.h" />
    <ClInclude Include="src\Time.h" />
    <ClInclude Include="src\Window.h" />
    <ClInclude Include="src\Input.h" />
    <ClInclude Include="src\SystemTypes\String.h">
      <Filter>SystemTypes</Filter>
    </ClInclude>
  </ItemGroup>
  <ItemGroup>
    <Filter Include="SystemTypes">
      <UniqueIdentifier>{e28ee94e-6004-4531-9504-06b8c5d0f3f5}</UniqueIdentifier>
    </Filter>
  </ItemGroup>
</Project>