<?xml version="1.0" encoding="utf-8"?>
<Project ToolsVersion="4.0" xmlns="http://schemas.microsoft.com/developer/msbuild/2003">
  <ItemGroup>
    <ClCompile Include="src\Engine.cpp" />
    <ClCompile Include="src\main.cpp" />
    <ClCompile Include="src\Time.cpp" />
    <ClCompile Include="src\Window.cpp" />
    <ClCompile Include="src\Input.cpp" />
    <ClCompile Include="src\SystemTypes\String.cpp">
      <Filter>SystemTypes</Filter>
    </ClCompile>
    <ClCompile Include="src\glad\glad.c">
      <Filter>glad</Filter>
    </ClCompile>
    <ClCompile Include="src\FileSystem.cpp" />
    <ClCompile Include="src\Graphics\Renderer.cpp">
      <Filter>Graphics</Filter>
    </ClCompile>
    <ClCompile Include="src\Log.cpp" />
  </ItemGroup>
  <ItemGroup>
    <ClInclude Include="src\Engine.h" />
    <ClInclude Include="src\Time.h" />
    <ClInclude Include="src\Window.h" />
    <ClInclude Include="src\Input.h" />
    <ClInclude Include="src\SystemTypes\String.h">
      <Filter>SystemTypes</Filter>
    </ClInclude>
    <ClInclude Include="src\FileSystem.h" />
    <ClInclude Include="src\Graphics\Renderer.h">
      <Filter>Graphics</Filter>
    </ClInclude>
    <ClInclude Include="src\SystemTypes\Typedefs.h">
      <Filter>SystemTypes</Filter>
    </ClInclude>
    <ClInclude Include="src\Log.h" />
  </ItemGroup>
  <ItemGroup>
    <Filter Include="SystemTypes">
      <UniqueIdentifier>{e28ee94e-6004-4531-9504-06b8c5d0f3f5}</UniqueIdentifier>
    </Filter>
    <Filter Include="glad">
      <UniqueIdentifier>{68dc3954-2bfc-4c17-b8a2-8cef995911a9}</UniqueIdentifier>
    </Filter>
    <Filter Include="Graphics">
      <UniqueIdentifier>{b2793b24-0b8a-4f94-aa9f-9b8bdc275d9d}</UniqueIdentifier>
    </Filter>
    <Filter Include="Graphics\Shaders">
      <UniqueIdentifier>{1a61890c-e2a2-43a3-8d3d-e49444266630}</UniqueIdentifier>
    </Filter>
  </ItemGroup>
  <ItemGroup>
    <None Include="src\Graphics\Shaders\simple.frag">
      <Filter>Graphics\Shaders</Filter>
    </None>
    <None Include="src\Graphics\Shaders\simple.vertex">
      <Filter>Graphics\Shaders</Filter>
    </None>
  </ItemGroup>
</Project>